
Microsoft Visual Studio Solution File, Format Version 12.00
# Visual Studio Version 17
VisualStudioVersion = 17.13.35919.96 d17.13
MinimumVisualStudioVersion = 10.0.40219.1
Project("{FAE04EC0-301F-11D3-BF4B-00C04F79EFBC}") = "AIMY.Db.Prototype.Api", "AIMY.Db.Prototype.Api.csproj", "{F37D1E21-7FEB-446A-8BAA-88E6ACA00B07}"
EndProject
Project("{FAE04EC0-301F-11D3-BF4B-00C04F79EFBC}") = "AIMY.Db.Prototype.Infrastructure", "..\AIMY.Db.Prototype.Infrastructure\AIMY.Db.Prototype.Infrastructure.csproj", "{6840BB37-345D-4F14-A08A-F19E3762CE65}"
EndProject
Global
	GlobalSection(SolutionConfigurationPlatforms) = preSolution
		Debug|Any CPU = Debug|Any CPU
		Release|Any CPU = Release|Any CPU
	EndGlobalSection
	GlobalSection(ProjectConfigurationPlatforms) = postSolution
		{F37D1E21-7FEB-446A-8BAA-88E6ACA00B07}.Debug|Any CPU.ActiveCfg = Debug|Any CPU
		{F37D1E21-7FEB-446A-8BAA-88E6ACA00B07}.Debug|Any CPU.Build.0 = Debug|Any CPU
		{F37D1E21-7FEB-446A-8BAA-88E6ACA00B07}.Release|Any CPU.ActiveCfg = Release|Any CPU
		{F37D1E21-7FEB-446A-8BAA-88E6ACA00B07}.Release|Any CPU.Build.0 = Release|Any CPU
		{6840BB37-345D-4F14-A08A-F19E3762CE65}.Debug|Any CPU.ActiveCfg = Debug|Any CPU
		{6840BB37-345D-4F14-A08A-F19E3762CE65}.Debug|Any CPU.Build.0 = Debug|Any CPU
		{6840BB37-345D-4F14-A08A-F19E3762CE65}.Release|Any CPU.ActiveCfg = Release|Any CPU
		{6840BB37-345D-4F14-A08A-F19E3762CE65}.Release|Any CPU.Build.0 = Release|Any CPU
	EndGlobalSection
	GlobalSection(SolutionProperties) = preSolution
		HideSolutionNode = FALSE
	EndGlobalSection
	GlobalSection(ExtensibilityGlobals) = postSolution
		SolutionGuid = {945B7985-6E19-4E08-B169-72B99A9E31EC}
	EndGlobalSection
EndGlobal
